
Microsoft Visual Studio Solution File, Format Version 12.00
# Visual Studio Version 17
VisualStudioVersion = 17.4.33103.184
MinimumVisualStudioVersion = 10.0.40219.1
Project("{FAE04EC0-301F-11D3-BF4B-00C04F79EFBC}") = "MusiCom", "MusiCom\MusiCom.csproj", "{C973936D-5C20-4F34-8060-F2C670F45501}"
EndProject
Global
	GlobalSection(SolutionConfigurationPlatforms) = preSolution
		Debug|Any CPU = Debug|Any CPU
		Release|Any CPU = Release|Any CPU
	EndGlobalSection
	GlobalSection(ProjectConfigurationPlatforms) = postSolution
		{C973936D-5C20-4F34-8060-F2C670F45501}.Debug|Any CPU.ActiveCfg = Debug|Any CPU
		{C973936D-5C20-4F34-8060-F2C670F45501}.Debug|Any CPU.Build.0 = Debug|Any CPU
		{C973936D-5C20-4F34-8060-F2C670F45501}.Release|Any CPU.ActiveCfg = Release|Any CPU
		{C973936D-5C20-4F34-8060-F2C670F45501}.Release|Any CPU.Build.0 = Release|Any CPU
	EndGlobalSection
	GlobalSection(SolutionProperties) = preSolution
		HideSolutionNode = FALSE
	EndGlobalSection
	GlobalSection(ExtensibilityGlobals) = postSolution
		SolutionGuid = {325D5C81-7305-4F9A-A5A2-98CE6A32442D}
	EndGlobalSection
EndGlobal
